hash: 5147e753f0dcf4608f6f544df3489615b3f880270bb0eb11d5bcd198acd87f71
updated: 2016-10-26T20:16:18.037571495+08:00
imports:
- name: github.com/emicklei/go-restful
  version: 777bb3f19bcafe2575ffb2a3e46af92509ae9594
  subpackages:
  - log
  - swagger
- name: github.com/golang/protobuf
  version: df1d3ca07d2d07bba352d5b73c4313b4e2a6203e
  subpackages:
  - proto
  - ptypes/any
  - ptypes/timestamp
- name: github.com/Masterminds/semver
  version: 808ed7761c233af2de3f9729a041d68c62527f3a
- name: github.com/Sirupsen/logrus
  version: 4b6ea7319e214d98c938f12692336f7ca9348d6b
- name: github.com/urfave/cli
  version: a14d7d367bc02b1f57d88de97926727f2d936387
- name: golang.org/x/net
  version: fb93926129b8ec0056f2f458b1f519654814edf0
  subpackages:
  - context
  - http2
  - http2/hpack
  - internal/timeseries
  - trace
- name: golang.org/x/sys
  version: c200b10b5d5e122be351b67af224adc6128af5bf
  subpackages:
  - unix
- name: google.golang.org/grpc
  version: b7f1379d3cbbbeb2ca3405852012e237aa05459e
  subpackages:
  - codes
  - credentials
  - grpclog
  - internal
  - metadata
  - naming
  - peer
  - transport
- name: k8s.io/helm
  version: 8a5550d0c6785eaa94eac80e0c1d11a92c355a02
  subpackages:
  - pkg/helm
  - pkg/proto/hapi/chart
  - pkg/proto/hapi/release
  - pkg/proto/hapi/services
  - pkg/proto/hapi/version
  - pkg/version
testImports: []
